
Microsoft Visual Studio Solution File, Format Version 12.00
# Visual Studio Version 17
VisualStudioVersion = 17.8.34525.116
MinimumVisualStudioVersion = 10.0.40219.1
Project("{FAE04EC0-301F-11D3-BF4B-00C04F79EFBC}") = "Zulu", "zuluFINALS\Zulu.csproj", "{C91C6ED4-8B78-40AA-A5A2-CE22AC29D634}"
EndProject
Global
	GlobalSection(SolutionConfigurationPlatforms) = preSolution
		Debug|Any CPU = Debug|Any CPU
		Release|Any CPU = Release|Any CPU
	EndGlobalSection
	GlobalSection(ProjectConfigurationPlatforms) = postSolution
		{C91C6ED4-8B78-40AA-A5A2-CE22AC29D634}.Debug|Any CPU.ActiveCfg = Debug|Any CPU
		{C91C6ED4-8B78-40AA-A5A2-CE22AC29D634}.Debug|Any CPU.Build.0 = Debug|Any CPU
		{C91C6ED4-8B78-40AA-A5A2-CE22AC29D634}.Release|Any CPU.ActiveCfg = Release|Any CPU
		{C91C6ED4-8B78-40AA-A5A2-CE22AC29D634}.Release|Any CPU.Build.0 = Release|Any CPU
	EndGlobalSection
	GlobalSection(SolutionProperties) = preSolution
		HideSolutionNode = FALSE
	EndGlobalSection
	GlobalSection(ExtensibilityGlobals) = postSolution
		SolutionGuid = {117F0395-DA1D-45E4-8EA3-6AE0C96F95E6}
	EndGlobalSection
EndGlobal
